
Microsoft Visual Studio Solution File, Format Version 12.00
# Visual Studio Version 17
VisualStudioVersion = 17.13.35806.99 d17.13
MinimumVisualStudioVersion = 10.0.40219.1
Project("{FAE04EC0-301F-11D3-BF4B-00C04F79EFBC}") = "PlanoContasAPI", "PlanoContasAPI\PlanoContasAPI.csproj", "{7DCF4FB4-6EF3-4B01-A2AD-62D53D50A46F}"
EndProject
Global
	GlobalSection(SolutionConfigurationPlatforms) = preSolution
		Debug|Any CPU = Debug|Any CPU
		Release|Any CPU = Release|Any CPU
	EndGlobalSection
	GlobalSection(ProjectConfigurationPlatforms) = postSolution
		{7DCF4FB4-6EF3-4B01-A2AD-62D53D50A46F}.Debug|Any CPU.ActiveCfg = Debug|Any CPU
		{7DCF4FB4-6EF3-4B01-A2AD-62D53D50A46F}.Debug|Any CPU.Build.0 = Debug|Any CPU
		{7DCF4FB4-6EF3-4B01-A2AD-62D53D50A46F}.Release|Any CPU.ActiveCfg = Release|Any CPU
		{7DCF4FB4-6EF3-4B01-A2AD-62D53D50A46F}.Release|Any CPU.Build.0 = Release|Any CPU
	EndGlobalSection
	GlobalSection(SolutionProperties) = preSolution
		HideSolutionNode = FALSE
	EndGlobalSection
	GlobalSection(ExtensibilityGlobals) = postSolution
		SolutionGuid = {8523592C-9EA6-495F-8F8C-C952F5CA2FBE}
	EndGlobalSection
EndGlobal
